
Microsoft Visual Studio Solution File, Format Version 12.00
# Visual Studio Version 17
VisualStudioVersion = 17.8.34408.163
MinimumVisualStudioVersion = 10.0.40219.1
Project("{9A19103F-16F7-4668-BE54-9A1E7A4F7556}") = "Clinic.API", "Clinic.API.csproj", "{DDDA873B-4473-44BB-B6BC-DEE716B2279D}"
EndProject
Project("{9A19103F-16F7-4668-BE54-9A1E7A4F7556}") = "Clinic.Core", "..\Clinic.Core\Clinic.Core.csproj", "{7ACAB9AA-DF44-4543-8B3A-2B86C17E7242}"
EndProject
Project("{9A19103F-16F7-4668-BE54-9A1E7A4F7556}") = "Clinic.Infrastructure", "..\Clinic.Infrastructure\Clinic.Infrastructure.csproj", "{4D8598C4-F120-4376-BA5D-6972CFC27D36}"
EndProject
Project("{9A19103F-16F7-4668-BE54-9A1E7A4F7556}") = "Clinic.Services", "..\Clinic.Services\Clinic.Services.csproj", "{312D0927-ED01-4B0F-AF90-16259C1936A6}"
EndProject
Project("{FAE04EC0-301F-11D3-BF4B-00C04F79EFBC}") = "Utilites", "..\Utilites\Utilites.csproj", "{D8146D0D-D638-48EC-91C8-A96F50472FC3}"
EndProject
Global
	GlobalSection(SolutionConfigurationPlatforms) = preSolution
		Debug|Any CPU = Debug|Any CPU
		Release|Any CPU = Release|Any CPU
	EndGlobalSection
	GlobalSection(ProjectConfigurationPlatforms) = postSolution
		{DDDA873B-4473-44BB-B6BC-DEE716B2279D}.Debug|Any CPU.ActiveCfg = Debug|Any CPU
		{DDDA873B-4473-44BB-B6BC-DEE716B2279D}.Debug|Any CPU.Build.0 = Debug|Any CPU
		{DDDA873B-4473-44BB-B6BC-DEE716B2279D}.Release|Any CPU.ActiveCfg = Release|Any CPU
		{DDDA873B-4473-44BB-B6BC-DEE716B2279D}.Release|Any CPU.Build.0 = Release|Any CPU
		{7ACAB9AA-DF44-4543-8B3A-2B86C17E7242}.Debug|Any CPU.ActiveCfg = Debug|Any CPU
		{7ACAB9AA-DF44-4543-8B3A-2B86C17E7242}.Debug|Any CPU.Build.0 = Debug|Any CPU
		{7ACAB9AA-DF44-4543-8B3A-2B86C17E7242}.Release|Any CPU.ActiveCfg = Release|Any CPU
		{7ACAB9AA-DF44-4543-8B3A-2B86C17E7242}.Release|Any CPU.Build.0 = Release|Any CPU
		{4D8598C4-F120-4376-BA5D-6972CFC27D36}.Debug|Any CPU.ActiveCfg = Debug|Any CPU
		{4D8598C4-F120-4376-BA5D-6972CFC27D36}.Debug|Any CPU.Build.0 = Debug|Any CPU
		{4D8598C4-F120-4376-BA5D-6972CFC27D36}.Release|Any CPU.ActiveCfg = Release|Any CPU
		{4D8598C4-F120-4376-BA5D-6972CFC27D36}.Release|Any CPU.Build.0 = Release|Any CPU
		{312D0927-ED01-4B0F-AF90-16259C1936A6}.Debug|Any CPU.ActiveCfg = Debug|Any CPU
		{312D0927-ED01-4B0F-AF90-16259C1936A6}.Debug|Any CPU.Build.0 = Debug|Any CPU
		{312D0927-ED01-4B0F-AF90-16259C1936A6}.Release|Any CPU.ActiveCfg = Release|Any CPU
		{312D0927-ED01-4B0F-AF90-16259C1936A6}.Release|Any CPU.Build.0 = Release|Any CPU
		{D8146D0D-D638-48EC-91C8-A96F50472FC3}.Debug|Any CPU.ActiveCfg = Debug|Any CPU
		{D8146D0D-D638-48EC-91C8-A96F50472FC3}.Debug|Any CPU.Build.0 = Debug|Any CPU
		{D8146D0D-D638-48EC-91C8-A96F50472FC3}.Release|Any CPU.ActiveCfg = Release|Any CPU
		{D8146D0D-D638-48EC-91C8-A96F50472FC3}.Release|Any CPU.Build.0 = Release|Any CPU
	EndGlobalSection
	GlobalSection(SolutionProperties) = preSolution
		HideSolutionNode = FALSE
	EndGlobalSection
	GlobalSection(ExtensibilityGlobals) = postSolution
		SolutionGuid = {337A8E74-4033-4593-808A-E01E7E4B44BA}
	EndGlobalSection
EndGlobal
